
Microsoft Visual Studio Solution File, Format Version 12.00
# Visual Studio 2012
Project("{FAE04EC0-301F-11D3-BF4B-00C04F79EFBC}") = "Withings", "Withings\Withings.csproj", "{A89FFC65-01F2-4736-A14E-07342F8CFD28}"
EndProject
Global
	GlobalSection(SolutionConfigurationPlatforms) = preSolution
		Debug|Any CPU = Debug|Any CPU
		Release|Any CPU = Release|Any CPU
	EndGlobalSection
	GlobalSection(ProjectConfigurationPlatforms) = postSolution
		{A89FFC65-01F2-4736-A14E-07342F8CFD28}.Debug|Any CPU.ActiveCfg = Debug|Any CPU
		{A89FFC65-01F2-4736-A14E-07342F8CFD28}.Debug|Any CPU.Build.0 = Debug|Any CPU
		{A89FFC65-01F2-4736-A14E-07342F8CFD28}.Release|Any CPU.ActiveCfg = Release|Any CPU
		{A89FFC65-01F2-4736-A14E-07342F8CFD28}.Release|Any CPU.Build.0 = Release|Any CPU
	EndGlobalSection
	GlobalSection(SolutionProperties) = preSolution
		HideSolutionNode = FALSE
	EndGlobalSection
EndGlobal
